# THIS IS AN AUTOGENERATED FILE. DO NOT EDIT THIS FILE DIRECTLY.
# yarn lockfile v1


"@cycle/run@4.x":
  version "4.4.0"
  resolved "https://registry.yarnpkg.com/@cycle/run/-/run-4.4.0.tgz#8013702548b1992f665b9f2f42882996871ccf8f"
  dependencies:
    quicktask "1.1.0"
    xstream "10.x || 11.x"

"@types/mocha@2.2.x":
  version "2.2.48"
  resolved "https://registry.yarnpkg.com/@types/mocha/-/mocha-2.2.48.tgz#3523b126a0b049482e1c3c11877460f76622ffab"

"@types/node@7.0.x":
  version "7.0.66"
  resolved "https://registry.yarnpkg.com/@types/node/-/node-7.0.66.tgz#3d1dc4d6f52e484e843806ff456379f7e6ad5553"

"@types/sinon@1.16.x":
  version "1.16.36"
  resolved "https://registry.yarnpkg.com/@types/sinon/-/sinon-1.16.36.tgz#74bb6ed7928597c1b3fb1b009005e94dc6eae357"

quicktask@1.1.0:
  version "1.1.0"
  resolved "https://registry.yarnpkg.com/quicktask/-/quicktask-1.1.0.tgz#70795fd5922fb122100e662118c73a06aadd7352"

"rxjs@< 6.0.0":
  version "5.5.11"
  resolved "https://registry.yarnpkg.com/rxjs/-/rxjs-5.5.11.tgz#f733027ca43e3bec6b994473be4ab98ad43ced87"
  dependencies:
    symbol-observable "1.0.1"

symbol-observable@1.0.1:
  version "1.0.1"
  resolved "https://registry.yarnpkg.com/symbol-observable/-/symbol-observable-1.0.1.tgz#8340fc4702c3122df5d22288f88283f513d3fdd4"

symbol-observable@1.2.0, symbol-observable@^1.2.0:
  version "1.2.0"
  resolved "https://registry.yarnpkg.com/symbol-observable/-/symbol-observable-1.2.0.tgz#c22688aed4eab3cdc2dfeacbb561660560a00804"

"xstream@10.x || 11.x", xstream@11.x:
  version "11.4.0"
  resolved "https://registry.yarnpkg.com/xstream/-/xstream-11.4.0.tgz#e1b65693e36c3c60b3cf29f50d8d8e85954b91fd"
  dependencies:
    symbol-observable "1.2.0"
